
Microsoft Visual Studio Solution File, Format Version 12.00
# Visual Studio 15
VisualStudioVersion = 15.0.26730.10
MinimumVisualStudioVersion = 10.0.40219.1
Project("{F2A71F9B-5D33-465A-A702-920D77279786}") = "FabulousExample", "FabulousExample\FabulousExample.fsproj", "{5E11E3C1-460F-4801-8608-3447298D2E08}"
EndProject
Project("{F2A71F9B-5D33-465A-A702-920D77279786}") = "FabulousExample.Android", "FabulousExample.Android\FabulousExample.Android.fsproj", "{E2159CAC-F082-4E0A-8A6C-4A41039C246E}"
EndProject
Project("{9344BDBB-3E7F-41FC-A0DD-8665D75EE146}") = "FabulousExample.iOS", "FabulousExample.iOS\FabulousExample.iOS.fsproj", "{F33E52A3-A4D8-4B4B-8398-BFBE566DAD4C}"
EndProject
Global
	GlobalSection(SolutionConfigurationPlatforms) = preSolution
		Ad-Hoc|Any CPU = Ad-Hoc|Any CPU
		Ad-Hoc|ARM = Ad-Hoc|ARM
		Ad-Hoc|iPhone = Ad-Hoc|iPhone
		Ad-Hoc|iPhoneSimulator = Ad-Hoc|iPhoneSimulator
		Ad-Hoc|x64 = Ad-Hoc|x64
		Ad-Hoc|x86 = Ad-Hoc|x86
		AppStore|Any CPU = AppStore|Any CPU
		AppStore|ARM = AppStore|ARM
		AppStore|iPhone = AppStore|iPhone
		AppStore|iPhoneSimulator = AppStore|iPhoneSimulator
		AppStore|x64 = AppStore|x64
		AppStore|x86 = AppStore|x86
		Debug|Any CPU = Debug|Any CPU
		Debug|ARM = Debug|ARM
		Debug|iPhone = Debug|iPhone
		Debug|iPhoneSimulator = Debug|iPhoneSimulator
		Debug|x64 = Debug|x64
		Debug|x86 = Debug|x86
		Release|Any CPU = Release|Any CPU
		Release|ARM = Release|ARM
		Release|iPhone = Release|iPhone
		Release|iPhoneSimulator = Release|iPhoneSimulator
		Release|x64 = Release|x64
		Release|x86 = Release|x86
	EndGlobalSection
	GlobalSection(ProjectConfigurationPlatforms) = postSolution
		{5E11E3C1-460F-4801-8608-3447298D2E08}.Ad-Hoc|Any CPU.ActiveCfg = Debug|Any CPU
		{5E11E3C1-460F-4801-8608-3447298D2E08}.Ad-Hoc|Any CPU.Build.0 = Debug|Any CPU
		{5E11E3C1-460F-4801-8608-3447298D2E08}.Ad-Hoc|ARM.ActiveCfg = Debug|Any CPU
		{5E11E3C1-460F-4801-8608-3447298D2E08}.Ad-Hoc|ARM.Build.0 = Debug|Any CPU
		{5E11E3C1-460F-4801-8608-3447298D2E08}.Ad-Hoc|iPhone.ActiveCfg = Debug|Any CPU
		{5E11E3C1-460F-4801-8608-3447298D2E08}.Ad-Hoc|iPhone.Build.0 = Debug|Any CPU
		{5E11E3C1-460F-4801-8608-3447298D2E08}.Ad-Hoc|iPhoneSimulator.ActiveCfg = Debug|Any CPU
		{5E11E3C1-460F-4801-8608-3447298D2E08}.Ad-Hoc|iPhoneSimulator.Build.0 = Debug|Any CPU
		{5E11E3C1-460F-4801-8608-3447298D2E08}.Ad-Hoc|x64.ActiveCfg = Debug|Any CPU
		{5E11E3C1-460F-4801-8608-3447298D2E08}.Ad-Hoc|x64.Build.0 = Debug|Any CPU
		{5E11E3C1-460F-4801-8608-3447298D2E08}.Ad-Hoc|x86.ActiveCfg = Debug|Any CPU
		{5E11E3C1-460F-4801-8608-3447298D2E08}.Ad-Hoc|x86.Build.0 = Debug|Any CPU
		{5E11E3C1-460F-4801-8608-3447298D2E08}.AppStore|Any CPU.ActiveCfg = Debug|Any CPU
		{5E11E3C1-460F-4801-8608-3447298D2E08}.AppStore|Any CPU.Build.0 = Debug|Any CPU
		{5E11E3C1-460F-4801-8608-3447298D2E08}.AppStore|ARM.ActiveCfg = Debug|Any CPU
		{5E11E3C1-460F-4801-8608-3447298D2E08}.AppStore|ARM.Build.0 = Debug|Any CPU
		{5E11E3C1-460F-4801-8608-3447298D2E08}.AppStore|iPhone.ActiveCfg = Debug|Any CPU
		{5E11E3C1-460F-4801-8608-3447298D2E08}.AppStore|iPhone.Build.0 = Debug|Any CPU
		{5E11E3C1-460F-4801-8608-3447298D2E08}.AppStore|iPhoneSimulator.ActiveCfg = Debug|Any CPU
		{5E11E3C1-460F-4801-8608-3447298D2E08}.AppStore|iPhoneSimulator.Build.0 = Debug|Any CPU
		{5E11E3C1-460F-4801-8608-3447298D2E08}.AppStore|x64.ActiveCfg = Debug|Any CPU
		{5E11E3C1-460F-4801-8608-3447298D2E08}.AppStore|x64.Build.0 = Debug|Any CPU
		{5E11E3C1-460F-4801-8608-3447298D2E08}.AppStore|x86.ActiveCfg = Debug|Any CPU
		{5E11E3C1-460F-4801-8608-3447298D2E08}.AppStore|x86.Build.0 = Debug|Any CPU
		{5E11E3C1-460F-4801-8608-3447298D2E08}.Debug|Any CPU.ActiveCfg = Debug|Any CPU
		{5E11E3C1-460F-4801-8608-3447298D2E08}.Debug|Any CPU.Build.0 = Debug|Any CPU
		{5E11E3C1-460F-4801-8608-3447298D2E08}.Debug|ARM.ActiveCfg = Debug|Any CPU
		{5E11E3C1-460F-4801-8608-3447298D2E08}.Debug|ARM.Build.0 = Debug|Any CPU
		{5E11E3C1-460F-4801-8608-3447298D2E08}.Debug|iPhone.ActiveCfg = Debug|Any CPU
		{5E11E3C1-460F-4801-8608-3447298D2E08}.Debug|iPhone.Build.0 = Debug|Any CPU
		{5E11E3C1-460F-4801-8608-3447298D2E08}.Debug|iPhoneSimulator.ActiveCfg = Debug|Any CPU
		{5E11E3C1-460F-4801-8608-3447298D2E08}.Debug|iPhoneSimulator.Build.0 = Debug|Any CPU
		{5E11E3C1-460F-4801-8608-3447298D2E08}.Debug|x64.ActiveCfg = Debug|Any CPU
		{5E11E3C1-460F-4801-8608-3447298D2E08}.Debug|x64.Build.0 = Debug|Any CPU
		{5E11E3C1-460F-4801-8608-3447298D2E08}.Debug|x86.ActiveCfg = Debug|Any CPU
		{5E11E3C1-460F-4801-8608-3447298D2E08}.Debug|x86.Build.0 = Debug|Any CPU
		{5E11E3C1-460F-4801-8608-3447298D2E08}.Release|Any CPU.ActiveCfg = Release|Any CPU
		{5E11E3C1-460F-4801-8608-3447298D2E08}.Release|Any CPU.Build.0 = Release|Any CPU
		{5E11E3C1-460F-4801-8608-3447298D2E08}.Release|ARM.ActiveCfg = Release|Any CPU
		{5E11E3C1-460F-4801-8608-3447298D2E08}.Release|ARM.Build.0 = Release|Any CPU
		{5E11E3C1-460F-4801-8608-3447298D2E08}.Release|iPhone.ActiveCfg = Release|Any CPU
		{5E11E3C1-460F-4801-8608-3447298D2E08}.Release|iPhone.Build.0 = Release|Any CPU
		{5E11E3C1-460F-4801-8608-3447298D2E08}.Release|iPhoneSimulator.ActiveCfg = Release|Any CPU
		{5E11E3C1-460F-4801-8608-3447298D2E08}.Release|iPhoneSimulator.Build.0 = Release|Any CPU
		{5E11E3C1-460F-4801-8608-3447298D2E08}.Release|x64.ActiveCfg = Release|Any CPU
		{5E11E3C1-460F-4801-8608-3447298D2E08}.Release|x64.Build.0 = Release|Any CPU
		{5E11E3C1-460F-4801-8608-3447298D2E08}.Release|x86.ActiveCfg = Release|Any CPU
		{5E11E3C1-460F-4801-8608-3447298D2E08}.Release|x86.Build.0 = Release|Any CPU
		{D4C2D116-28F0-4CA4-A5E8-977E8ACE7DC0}.Ad-Hoc|Any CPU.ActiveCfg = Release|x86
		{D4C2D116-28F0-4CA4-A5E8-977E8ACE7DC0}.Ad-Hoc|Any CPU.Build.0 = Release|x86
		{D4C2D116-28F0-4CA4-A5E8-977E8ACE7DC0}.Ad-Hoc|Any CPU.Deploy.0 = Release|x86
		{D4C2D116-28F0-4CA4-A5E8-977E8ACE7DC0}.Ad-Hoc|ARM.ActiveCfg = Release|ARM
		{D4C2D116-28F0-4CA4-A5E8-977E8ACE7DC0}.Ad-Hoc|ARM.Build.0 = Release|ARM
		{D4C2D116-28F0-4CA4-A5E8-977E8ACE7DC0}.Ad-Hoc|ARM.Deploy.0 = Release|ARM
		{D4C2D116-28F0-4CA4-A5E8-977E8ACE7DC0}.Ad-Hoc|iPhone.ActiveCfg = Release|x86
		{D4C2D116-28F0-4CA4-A5E8-977E8ACE7DC0}.Ad-Hoc|iPhone.Build.0 = Release|x86
		{D4C2D116-28F0-4CA4-A5E8-977E8ACE7DC0}.Ad-Hoc|iPhone.Deploy.0 = Release|x86
		{D4C2D116-28F0-4CA4-A5E8-977E8ACE7DC0}.Ad-Hoc|iPhoneSimulator.ActiveCfg = Release|x86
		{D4C2D116-28F0-4CA4-A5E8-977E8ACE7DC0}.Ad-Hoc|iPhoneSimulator.Build.0 = Release|x86
		{D4C2D116-28F0-4CA4-A5E8-977E8ACE7DC0}.Ad-Hoc|iPhoneSimulator.Deploy.0 = Release|x86
		{D4C2D116-28F0-4CA4-A5E8-977E8ACE7DC0}.Ad-Hoc|x64.ActiveCfg = Release|x64
		{D4C2D116-28F0-4CA4-A5E8-977E8ACE7DC0}.Ad-Hoc|x64.Build.0 = Release|x64
		{D4C2D116-28F0-4CA4-A5E8-977E8ACE7DC0}.Ad-Hoc|x64.Deploy.0 = Release|x64
		{D4C2D116-28F0-4CA4-A5E8-977E8ACE7DC0}.Ad-Hoc|x86.ActiveCfg = Release|x86
		{D4C2D116-28F0-4CA4-A5E8-977E8ACE7DC0}.Ad-Hoc|x86.Build.0 = Release|x86
		{D4C2D116-28F0-4CA4-A5E8-977E8ACE7DC0}.Ad-Hoc|x86.Deploy.0 = Release|x86
		{D4C2D116-28F0-4CA4-A5E8-977E8ACE7DC0}.AppStore|Any CPU.ActiveCfg = Release|x86
		{D4C2D116-28F0-4CA4-A5E8-977E8ACE7DC0}.AppStore|Any CPU.Build.0 = Release|x86
		{D4C2D116-28F0-4CA4-A5E8-977E8ACE7DC0}.AppStore|Any CPU.Deploy.0 = Release|x86
		{D4C2D116-28F0-4CA4-A5E8-977E8ACE7DC0}.AppStore|ARM.ActiveCfg = Release|ARM
		{D4C2D116-28F0-4CA4-A5E8-977E8ACE7DC0}.AppStore|ARM.Build.0 = Release|ARM
		{D4C2D116-28F0-4CA4-A5E8-977E8ACE7DC0}.AppStore|ARM.Deploy.0 = Release|ARM
		{D4C2D116-28F0-4CA4-A5E8-977E8ACE7DC0}.AppStore|iPhone.ActiveCfg = Release|x86
		{D4C2D116-28F0-4CA4-A5E8-977E8ACE7DC0}.AppStore|iPhone.Build.0 = Release|x86
		{D4C2D116-28F0-4CA4-A5E8-977E8ACE7DC0}.AppStore|iPhone.Deploy.0 = Release|x86
		{D4C2D116-28F0-4CA4-A5E8-977E8ACE7DC0}.AppStore|iPhoneSimulator.ActiveCfg = Release|x86
		{D4C2D116-28F0-4CA4-A5E8-977E8ACE7DC0}.AppStore|iPhoneSimulator.Build.0 = Release|x86
		{D4C2D116-28F0-4CA4-A5E8-977E8ACE7DC0}.AppStore|iPhoneSimulator.Deploy.0 = Release|x86
		{D4C2D116-28F0-4CA4-A5E8-977E8ACE7DC0}.AppStore|x64.ActiveCfg = Release|x64
		{D4C2D116-28F0-4CA4-A5E8-977E8ACE7DC0}.AppStore|x64.Build.0 = Release|x64
		{D4C2D116-28F0-4CA4-A5E8-977E8ACE7DC0}.AppStore|x64.Deploy.0 = Release|x64
		{D4C2D116-28F0-4CA4-A5E8-977E8ACE7DC0}.AppStore|x86.ActiveCfg = Release|x86
		{D4C2D116-28F0-4CA4-A5E8-977E8ACE7DC0}.AppStore|x86.Build.0 = Release|x86
		{D4C2D116-28F0-4CA4-A5E8-977E8ACE7DC0}.AppStore|x86.Deploy.0 = Release|x86
		{D4C2D116-28F0-4CA4-A5E8-977E8ACE7DC0}.Debug|Any CPU.ActiveCfg = Debug|x86
		{D4C2D116-28F0-4CA4-A5E8-977E8ACE7DC0}.Debug|ARM.ActiveCfg = Debug|ARM
		{D4C2D116-28F0-4CA4-A5E8-977E8ACE7DC0}.Debug|ARM.Build.0 = Debug|ARM
		{D4C2D116-28F0-4CA4-A5E8-977E8ACE7DC0}.Debug|ARM.Deploy.0 = Debug|ARM
		{D4C2D116-28F0-4CA4-A5E8-977E8ACE7DC0}.Debug|iPhone.ActiveCfg = Debug|x86
		{D4C2D116-28F0-4CA4-A5E8-977E8ACE7DC0}.Debug|iPhoneSimulator.ActiveCfg = Debug|x86
		{D4C2D116-28F0-4CA4-A5E8-977E8ACE7DC0}.Debug|x64.ActiveCfg = Debug|x64
		{D4C2D116-28F0-4CA4-A5E8-977E8ACE7DC0}.Debug|x64.Build.0 = Debug|x64
		{D4C2D116-28F0-4CA4-A5E8-977E8ACE7DC0}.Debug|x64.Deploy.0 = Debug|x64
		{D4C2D116-28F0-4CA4-A5E8-977E8ACE7DC0}.Debug|x86.ActiveCfg = Debug|x86
		{D4C2D116-28F0-4CA4-A5E8-977E8ACE7DC0}.Debug|x86.Build.0 = Debug|x86
		{D4C2D116-28F0-4CA4-A5E8-977E8ACE7DC0}.Debug|x86.Deploy.0 = Debug|x86
		{D4C2D116-28F0-4CA4-A5E8-977E8ACE7DC0}.Release|Any CPU.ActiveCfg = Release|x86
		{D4C2D116-28F0-4CA4-A5E8-977E8ACE7DC0}.Release|ARM.ActiveCfg = Release|ARM
		{D4C2D116-28F0-4CA4-A5E8-977E8ACE7DC0}.Release|ARM.Build.0 = Release|ARM
		{D4C2D116-28F0-4CA4-A5E8-977E8ACE7DC0}.Release|ARM.Deploy.0 = Release|ARM
		{D4C2D116-28F0-4CA4-A5E8-977E8ACE7DC0}.Release|iPhone.ActiveCfg = Release|x86
		{D4C2D116-28F0-4CA4-A5E8-977E8ACE7DC0}.Release|iPhoneSimulator.ActiveCfg = Release|x86
		{D4C2D116-28F0-4CA4-A5E8-977E8ACE7DC0}.Release|x64.ActiveCfg = Release|x64
		{D4C2D116-28F0-4CA4-A5E8-977E8ACE7DC0}.Release|x64.Build.0 = Release|x64
		{D4C2D116-28F0-4CA4-A5E8-977E8ACE7DC0}.Release|x64.Deploy.0 = Release|x64
		{D4C2D116-28F0-4CA4-A5E8-977E8ACE7DC0}.Release|x86.ActiveCfg = Release|x86
		{D4C2D116-28F0-4CA4-A5E8-977E8ACE7DC0}.Release|x86.Build.0 = Release|x86
		{D4C2D116-28F0-4CA4-A5E8-977E8ACE7DC0}.Release|x86.Deploy.0 = Release|x86
		{0164C13E-4B09-4F73-994B-C01E59CCD395}.Ad-Hoc|Any CPU.ActiveCfg = Release|Any CPU
		{0164C13E-4B09-4F73-994B-C01E59CCD395}.Ad-Hoc|Any CPU.Build.0 = Release|Any CPU
		{0164C13E-4B09-4F73-994B-C01E59CCD395}.Ad-Hoc|ARM.ActiveCfg = Release|Any CPU
		{0164C13E-4B09-4F73-994B-C01E59CCD395}.Ad-Hoc|ARM.Build.0 = Release|Any CPU
		{0164C13E-4B09-4F73-994B-C01E59CCD395}.Ad-Hoc|iPhone.ActiveCfg = Release|Any CPU
		{0164C13E-4B09-4F73-994B-C01E59CCD395}.Ad-Hoc|iPhone.Build.0 = Release|Any CPU
		{0164C13E-4B09-4F73-994B-C01E59CCD395}.Ad-Hoc|iPhoneSimulator.ActiveCfg = Release|Any CPU
		{0164C13E-4B09-4F73-994B-C01E59CCD395}.Ad-Hoc|iPhoneSimulator.Build.0 = Release|Any CPU
		{0164C13E-4B09-4F73-994B-C01E59CCD395}.Ad-Hoc|x64.ActiveCfg = Release|Any CPU
		{0164C13E-4B09-4F73-994B-C01E59CCD395}.Ad-Hoc|x64.Build.0 = Release|Any CPU
		{0164C13E-4B09-4F73-994B-C01E59CCD395}.Ad-Hoc|x86.ActiveCfg = Release|Any CPU
		{0164C13E-4B09-4F73-994B-C01E59CCD395}.Ad-Hoc|x86.Build.0 = Release|Any CPU
		{0164C13E-4B09-4F73-994B-C01E59CCD395}.AppStore|Any CPU.ActiveCfg = Release|Any CPU
		{0164C13E-4B09-4F73-994B-C01E59CCD395}.AppStore|Any CPU.Build.0 = Release|Any CPU
		{0164C13E-4B09-4F73-994B-C01E59CCD395}.AppStore|ARM.ActiveCfg = Release|Any CPU
		{0164C13E-4B09-4F73-994B-C01E59CCD395}.AppStore|ARM.Build.0 = Release|Any CPU
		{0164C13E-4B09-4F73-994B-C01E59CCD395}.AppStore|iPhone.ActiveCfg = Release|Any CPU
		{0164C13E-4B09-4F73-994B-C01E59CCD395}.AppStore|iPhone.Build.0 = Release|Any CPU
		{0164C13E-4B09-4F73-994B-C01E59CCD395}.AppStore|iPhoneSimulator.ActiveCfg = Release|Any CPU
		{0164C13E-4B09-4F73-994B-C01E59CCD395}.AppStore|iPhoneSimulator.Build.0 = Release|Any CPU
		{0164C13E-4B09-4F73-994B-C01E59CCD395}.AppStore|x64.ActiveCfg = Release|Any CPU
		{0164C13E-4B09-4F73-994B-C01E59CCD395}.AppStore|x64.Build.0 = Release|Any CPU
		{0164C13E-4B09-4F73-994B-C01E59CCD395}.AppStore|x86.ActiveCfg = Release|Any CPU
		{0164C13E-4B09-4F73-994B-C01E59CCD395}.AppStore|x86.Build.0 = Release|Any CPU
		{0164C13E-4B09-4F73-994B-C01E59CCD395}.Debug|Any CPU.ActiveCfg = Debug|Any CPU
		{0164C13E-4B09-4F73-994B-C01E59CCD395}.Debug|Any CPU.Build.0 = Debug|Any CPU
		{0164C13E-4B09-4F73-994B-C01E59CCD395}.Debug|ARM.ActiveCfg = Debug|Any CPU
		{0164C13E-4B09-4F73-994B-C01E59CCD395}.Debug|ARM.Build.0 = Debug|Any CPU
		{0164C13E-4B09-4F73-994B-C01E59CCD395}.Debug|iPhone.ActiveCfg = Debug|Any CPU
		{0164C13E-4B09-4F73-994B-C01E59CCD395}.Debug|iPhone.Build.0 = Debug|Any CPU
		{0164C13E-4B09-4F73-994B-C01E59CCD395}.Debug|iPhoneSimulator.ActiveCfg = Debug|Any CPU
		{0164C13E-4B09-4F73-994B-C01E59CCD395}.Debug|iPhoneSimulator.Build.0 = Debug|Any CPU
		{0164C13E-4B09-4F73-994B-C01E59CCD395}.Debug|x64.ActiveCfg = Debug|Any CPU
		{0164C13E-4B09-4F73-994B-C01E59CCD395}.Debug|x64.Build.0 = Debug|Any CPU
		{0164C13E-4B09-4F73-994B-C01E59CCD395}.Debug|x86.ActiveCfg = Debug|Any CPU
		{0164C13E-4B09-4F73-994B-C01E59CCD395}.Debug|x86.Build.0 = Debug|Any CPU
		{0164C13E-4B09-4F73-994B-C01E59CCD395}.Release|Any CPU.ActiveCfg = Release|Any CPU
		{0164C13E-4B09-4F73-994B-C01E59CCD395}.Release|Any CPU.Build.0 = Release|Any CPU
		{0164C13E-4B09-4F73-994B-C01E59CCD395}.Release|ARM.ActiveCfg = Release|Any CPU
		{0164C13E-4B09-4F73-994B-C01E59CCD395}.Release|ARM.Build.0 = Release|Any CPU
		{0164C13E-4B09-4F73-994B-C01E59CCD395}.Release|iPhone.ActiveCfg = Release|Any CPU
		{0164C13E-4B09-4F73-994B-C01E59CCD395}.Release|iPhone.Build.0 = Release|Any CPU
		{0164C13E-4B09-4F73-994B-C01E59CCD395}.Release|iPhoneSimulator.ActiveCfg = Release|Any CPU
		{0164C13E-4B09-4F73-994B-C01E59CCD395}.Release|iPhoneSimulator.Build.0 = Release|Any CPU
		{0164C13E-4B09-4F73-994B-C01E59CCD395}.Release|x64.ActiveCfg = Release|Any CPU
		{0164C13E-4B09-4F73-994B-C01E59CCD395}.Release|x64.Build.0 = Release|Any CPU
		{0164C13E-4B09-4F73-994B-C01E59CCD395}.Release|x86.ActiveCfg = Release|Any CPU
		{0164C13E-4B09-4F73-994B-C01E59CCD395}.Release|x86.Build.0 = Release|Any CPU
		{68489BA2-87B5-4C89-BC03-D89589F05B7A}.Ad-Hoc|Any CPU.ActiveCfg = Release|Any CPU
		{68489BA2-87B5-4C89-BC03-D89589F05B7A}.Ad-Hoc|Any CPU.Build.0 = Release|Any CPU
		{68489BA2-87B5-4C89-BC03-D89589F05B7A}.Ad-Hoc|ARM.ActiveCfg = Release|Any CPU
		{68489BA2-87B5-4C89-BC03-D89589F05B7A}.Ad-Hoc|ARM.Build.0 = Release|Any CPU
		{68489BA2-87B5-4C89-BC03-D89589F05B7A}.Ad-Hoc|iPhone.ActiveCfg = Release|Any CPU
		{68489BA2-87B5-4C89-BC03-D89589F05B7A}.Ad-Hoc|iPhone.Build.0 = Release|Any CPU
		{68489BA2-87B5-4C89-BC03-D89589F05B7A}.Ad-Hoc|iPhoneSimulator.ActiveCfg = Release|Any CPU
		{68489BA2-87B5-4C89-BC03-D89589F05B7A}.Ad-Hoc|iPhoneSimulator.Build.0 = Release|Any CPU
		{68489BA2-87B5-4C89-BC03-D89589F05B7A}.Ad-Hoc|x64.ActiveCfg = Release|Any CPU
		{68489BA2-87B5-4C89-BC03-D89589F05B7A}.Ad-Hoc|x64.Build.0 = Release|Any CPU
		{68489BA2-87B5-4C89-BC03-D89589F05B7A}.Ad-Hoc|x86.ActiveCfg = Release|Any CPU
		{68489BA2-87B5-4C89-BC03-D89589F05B7A}.Ad-Hoc|x86.Build.0 = Release|Any CPU
		{68489BA2-87B5-4C89-BC03-D89589F05B7A}.AppStore|Any CPU.ActiveCfg = Release|Any CPU
		{68489BA2-87B5-4C89-BC03-D89589F05B7A}.AppStore|Any CPU.Build.0 = Release|Any CPU
		{68489BA2-87B5-4C89-BC03-D89589F05B7A}.AppStore|ARM.ActiveCfg = Release|Any CPU
		{68489BA2-87B5-4C89-BC03-D89589F05B7A}.AppStore|ARM.Build.0 = Release|Any CPU
		{68489BA2-87B5-4C89-BC03-D89589F05B7A}.AppStore|iPhone.ActiveCfg = Release|Any CPU
		{68489BA2-87B5-4C89-BC03-D89589F05B7A}.AppStore|iPhone.Build.0 = Release|Any CPU
		{68489BA2-87B5-4C89-BC03-D89589F05B7A}.AppStore|iPhoneSimulator.ActiveCfg = Release|Any CPU
		{68489BA2-87B5-4C89-BC03-D89589F05B7A}.AppStore|iPhoneSimulator.Build.0 = Release|Any CPU
		{68489BA2-87B5-4C89-BC03-D89589F05B7A}.AppStore|x64.ActiveCfg = Release|Any CPU
		{68489BA2-87B5-4C89-BC03-D89589F05B7A}.AppStore|x64.Build.0 = Release|Any CPU
		{68489BA2-87B5-4C89-BC03-D89589F05B7A}.AppStore|x86.ActiveCfg = Release|Any CPU
		{68489BA2-87B5-4C89-BC03-D89589F05B7A}.AppStore|x86.Build.0 = Release|Any CPU
		{68489BA2-87B5-4C89-BC03-D89589F05B7A}.Debug|Any CPU.ActiveCfg = Debug|Any CPU
		{68489BA2-87B5-4C89-BC03-D89589F05B7A}.Debug|Any CPU.Build.0 = Debug|Any CPU
		{68489BA2-87B5-4C89-BC03-D89589F05B7A}.Debug|ARM.ActiveCfg = Debug|Any CPU
		{68489BA2-87B5-4C89-BC03-D89589F05B7A}.Debug|ARM.Build.0 = Debug|Any CPU
		{68489BA2-87B5-4C89-BC03-D89589F05B7A}.Debug|iPhone.ActiveCfg = Debug|Any CPU
		{68489BA2-87B5-4C89-BC03-D89589F05B7A}.Debug|iPhone.Build.0 = Debug|Any CPU
		{68489BA2-87B5-4C89-BC03-D89589F05B7A}.Debug|iPhoneSimulator.ActiveCfg = Debug|Any CPU
		{68489BA2-87B5-4C89-BC03-D89589F05B7A}.Debug|iPhoneSimulator.Build.0 = Debug|Any CPU
		{68489BA2-87B5-4C89-BC03-D89589F05B7A}.Debug|x64.ActiveCfg = Debug|Any CPU
		{68489BA2-87B5-4C89-BC03-D89589F05B7A}.Debug|x64.Build.0 = Debug|Any CPU
		{68489BA2-87B5-4C89-BC03-D89589F05B7A}.Debug|x86.ActiveCfg = Debug|Any CPU
		{68489BA2-87B5-4C89-BC03-D89589F05B7A}.Debug|x86.Build.0 = Debug|Any CPU
		{68489BA2-87B5-4C89-BC03-D89589F05B7A}.Release|Any CPU.ActiveCfg = Release|Any CPU
		{68489BA2-87B5-4C89-BC03-D89589F05B7A}.Release|Any CPU.Build.0 = Release|Any CPU
		{68489BA2-87B5-4C89-BC03-D89589F05B7A}.Release|ARM.ActiveCfg = Release|Any CPU
		{68489BA2-87B5-4C89-BC03-D89589F05B7A}.Release|ARM.Build.0 = Release|Any CPU
		{68489BA2-87B5-4C89-BC03-D89589F05B7A}.Release|iPhone.ActiveCfg = Release|Any CPU
		{68489BA2-87B5-4C89-BC03-D89589F05B7A}.Release|iPhone.Build.0 = Release|Any CPU
		{68489BA2-87B5-4C89-BC03-D89589F05B7A}.Release|iPhoneSimulator.ActiveCfg = Release|Any CPU
		{68489BA2-87B5-4C89-BC03-D89589F05B7A}.Release|iPhoneSimulator.Build.0 = Release|Any CPU
		{68489BA2-87B5-4C89-BC03-D89589F05B7A}.Release|x64.ActiveCfg = Release|Any CPU
		{68489BA2-87B5-4C89-BC03-D89589F05B7A}.Release|x64.Build.0 = Release|Any CPU
		{68489BA2-87B5-4C89-BC03-D89589F05B7A}.Release|x86.ActiveCfg = Release|Any CPU
		{68489BA2-87B5-4C89-BC03-D89589F05B7A}.Release|x86.Build.0 = Release|Any CPU
		{E2159CAC-F082-4E0A-8A6C-4A41039C246E}.Ad-Hoc|Any CPU.ActiveCfg = Release|Any CPU
		{E2159CAC-F082-4E0A-8A6C-4A41039C246E}.Ad-Hoc|Any CPU.Build.0 = Release|Any CPU
		{E2159CAC-F082-4E0A-8A6C-4A41039C246E}.Ad-Hoc|ARM.ActiveCfg = Release|Any CPU
		{E2159CAC-F082-4E0A-8A6C-4A41039C246E}.Ad-Hoc|ARM.Build.0 = Release|Any CPU
		{E2159CAC-F082-4E0A-8A6C-4A41039C246E}.Ad-Hoc|iPhone.ActiveCfg = Release|Any CPU
		{E2159CAC-F082-4E0A-8A6C-4A41039C246E}.Ad-Hoc|iPhone.Build.0 = Release|Any CPU
		{E2159CAC-F082-4E0A-8A6C-4A41039C246E}.Ad-Hoc|iPhoneSimulator.ActiveCfg = Release|Any CPU
		{E2159CAC-F082-4E0A-8A6C-4A41039C246E}.Ad-Hoc|iPhoneSimulator.Build.0 = Release|Any CPU
		{E2159CAC-F082-4E0A-8A6C-4A41039C246E}.Ad-Hoc|x64.ActiveCfg = Release|Any CPU
		{E2159CAC-F082-4E0A-8A6C-4A41039C246E}.Ad-Hoc|x64.Build.0 = Release|Any CPU
		{E2159CAC-F082-4E0A-8A6C-4A41039C246E}.Ad-Hoc|x86.ActiveCfg = Release|Any CPU
		{E2159CAC-F082-4E0A-8A6C-4A41039C246E}.Ad-Hoc|x86.Build.0 = Release|Any CPU
		{E2159CAC-F082-4E0A-8A6C-4A41039C246E}.AppStore|Any CPU.ActiveCfg = Release|Any CPU
		{E2159CAC-F082-4E0A-8A6C-4A41039C246E}.AppStore|Any CPU.Build.0 = Release|Any CPU
		{E2159CAC-F082-4E0A-8A6C-4A41039C246E}.AppStore|ARM.ActiveCfg = Release|Any CPU
		{E2159CAC-F082-4E0A-8A6C-4A41039C246E}.AppStore|ARM.Build.0 = Release|Any CPU
		{E2159CAC-F082-4E0A-8A6C-4A41039C246E}.AppStore|iPhone.ActiveCfg = Release|Any CPU
		{E2159CAC-F082-4E0A-8A6C-4A41039C246E}.AppStore|iPhone.Build.0 = Release|Any CPU
		{E2159CAC-F082-4E0A-8A6C-4A41039C246E}.AppStore|iPhoneSimulator.ActiveCfg = Release|Any CPU
		{E2159CAC-F082-4E0A-8A6C-4A41039C246E}.AppStore|iPhoneSimulator.Build.0 = Release|Any CPU
		{E2159CAC-F082-4E0A-8A6C-4A41039C246E}.AppStore|x64.ActiveCfg = Release|Any CPU
		{E2159CAC-F082-4E0A-8A6C-4A41039C246E}.AppStore|x64.Build.0 = Release|Any CPU
		{E2159CAC-F082-4E0A-8A6C-4A41039C246E}.AppStore|x86.ActiveCfg = Release|Any CPU
		{E2159CAC-F082-4E0A-8A6C-4A41039C246E}.AppStore|x86.Build.0 = Release|Any CPU
		{E2159CAC-F082-4E0A-8A6C-4A41039C246E}.Debug|Any CPU.ActiveCfg = Debug|Any CPU
		{E2159CAC-F082-4E0A-8A6C-4A41039C246E}.Debug|Any CPU.Build.0 = Debug|Any CPU
		{E2159CAC-F082-4E0A-8A6C-4A41039C246E}.Debug|Any CPU.Deploy.0 = Debug|Any CPU
		{E2159CAC-F082-4E0A-8A6C-4A41039C246E}.Debug|ARM.ActiveCfg = Debug|Any CPU
		{E2159CAC-F082-4E0A-8A6C-4A41039C246E}.Debug|ARM.Build.0 = Debug|Any CPU
		{E2159CAC-F082-4E0A-8A6C-4A41039C246E}.Debug|iPhone.ActiveCfg = Debug|Any CPU
		{E2159CAC-F082-4E0A-8A6C-4A41039C246E}.Debug|iPhone.Build.0 = Debug|Any CPU
		{E2159CAC-F082-4E0A-8A6C-4A41039C246E}.Debug|iPhoneSimulator.ActiveCfg = Debug|Any CPU
		{E2159CAC-F082-4E0A-8A6C-4A41039C246E}.Debug|iPhoneSimulator.Build.0 = Debug|Any CPU
		{E2159CAC-F082-4E0A-8A6C-4A41039C246E}.Debug|x64.ActiveCfg = Debug|Any CPU
		{E2159CAC-F082-4E0A-8A6C-4A41039C246E}.Debug|x64.Build.0 = Debug|Any CPU
		{E2159CAC-F082-4E0A-8A6C-4A41039C246E}.Debug|x86.ActiveCfg = Debug|Any CPU
		{E2159CAC-F082-4E0A-8A6C-4A41039C246E}.Debug|x86.Build.0 = Debug|Any CPU
		{E2159CAC-F082-4E0A-8A6C-4A41039C246E}.Release|Any CPU.ActiveCfg = Release|Any CPU
		{E2159CAC-F082-4E0A-8A6C-4A41039C246E}.Release|Any CPU.Build.0 = Release|Any CPU
		{E2159CAC-F082-4E0A-8A6C-4A41039C246E}.Release|Any CPU.Deploy.0 = Release|Any CPU
		{E2159CAC-F082-4E0A-8A6C-4A41039C246E}.Release|ARM.ActiveCfg = Release|Any CPU
		{E2159CAC-F082-4E0A-8A6C-4A41039C246E}.Release|ARM.Build.0 = Release|Any CPU
		{E2159CAC-F082-4E0A-8A6C-4A41039C246E}.Release|iPhone.ActiveCfg = Release|Any CPU
		{E2159CAC-F082-4E0A-8A6C-4A41039C246E}.Release|iPhone.Build.0 = Release|Any CPU
		{E2159CAC-F082-4E0A-8A6C-4A41039C246E}.Release|iPhoneSimulator.ActiveCfg = Release|Any CPU
		{E2159CAC-F082-4E0A-8A6C-4A41039C246E}.Release|iPhoneSimulator.Build.0 = Release|Any CPU
		{E2159CAC-F082-4E0A-8A6C-4A41039C246E}.Release|x64.ActiveCfg = Release|Any CPU
		{E2159CAC-F082-4E0A-8A6C-4A41039C246E}.Release|x64.Build.0 = Release|Any CPU
		{E2159CAC-F082-4E0A-8A6C-4A41039C246E}.Release|x86.ActiveCfg = Release|Any CPU
		{E2159CAC-F082-4E0A-8A6C-4A41039C246E}.Release|x86.Build.0 = Release|Any CPU
		{6CF4A754-C39F-4390-8B2D-E13AD8746E1F}.Ad-Hoc|Any CPU.ActiveCfg = Release|Any CPU
		{6CF4A754-C39F-4390-8B2D-E13AD8746E1F}.Ad-Hoc|Any CPU.Build.0 = Release|Any CPU
		{6CF4A754-C39F-4390-8B2D-E13AD8746E1F}.Ad-Hoc|ARM.ActiveCfg = Release|Any CPU
		{6CF4A754-C39F-4390-8B2D-E13AD8746E1F}.Ad-Hoc|ARM.Build.0 = Release|Any CPU
		{6CF4A754-C39F-4390-8B2D-E13AD8746E1F}.Ad-Hoc|iPhone.ActiveCfg = Release|Any CPU
		{6CF4A754-C39F-4390-8B2D-E13AD8746E1F}.Ad-Hoc|iPhone.Build.0 = Release|Any CPU
		{6CF4A754-C39F-4390-8B2D-E13AD8746E1F}.Ad-Hoc|iPhoneSimulator.ActiveCfg = Release|Any CPU
		{6CF4A754-C39F-4390-8B2D-E13AD8746E1F}.Ad-Hoc|iPhoneSimulator.Build.0 = Release|Any CPU
		{6CF4A754-C39F-4390-8B2D-E13AD8746E1F}.Ad-Hoc|x64.ActiveCfg = Release|Any CPU
		{6CF4A754-C39F-4390-8B2D-E13AD8746E1F}.Ad-Hoc|x64.Build.0 = Release|Any CPU
		{6CF4A754-C39F-4390-8B2D-E13AD8746E1F}.Ad-Hoc|x86.ActiveCfg = Release|Any CPU
		{6CF4A754-C39F-4390-8B2D-E13AD8746E1F}.Ad-Hoc|x86.Build.0 = Release|Any CPU
		{6CF4A754-C39F-4390-8B2D-E13AD8746E1F}.AppStore|Any CPU.ActiveCfg = Release|Any CPU
		{6CF4A754-C39F-4390-8B2D-E13AD8746E1F}.AppStore|Any CPU.Build.0 = Release|Any CPU
		{6CF4A754-C39F-4390-8B2D-E13AD8746E1F}.AppStore|ARM.ActiveCfg = Release|Any CPU
		{6CF4A754-C39F-4390-8B2D-E13AD8746E1F}.AppStore|ARM.Build.0 = Release|Any CPU
		{6CF4A754-C39F-4390-8B2D-E13AD8746E1F}.AppStore|iPhone.ActiveCfg = Release|Any CPU
		{6CF4A754-C39F-4390-8B2D-E13AD8746E1F}.AppStore|iPhone.Build.0 = Release|Any CPU
		{6CF4A754-C39F-4390-8B2D-E13AD8746E1F}.AppStore|iPhoneSimulator.ActiveCfg = Release|Any CPU
		{6CF4A754-C39F-4390-8B2D-E13AD8746E1F}.AppStore|iPhoneSimulator.Build.0 = Release|Any CPU
		{6CF4A754-C39F-4390-8B2D-E13AD8746E1F}.AppStore|x64.ActiveCfg = Release|Any CPU
		{6CF4A754-C39F-4390-8B2D-E13AD8746E1F}.AppStore|x64.Build.0 = Release|Any CPU
		{6CF4A754-C39F-4390-8B2D-E13AD8746E1F}.AppStore|x86.ActiveCfg = Release|Any CPU
		{6CF4A754-C39F-4390-8B2D-E13AD8746E1F}.AppStore|x86.Build.0 = Release|Any CPU
		{6CF4A754-C39F-4390-8B2D-E13AD8746E1F}.Debug|Any CPU.ActiveCfg = Debug|Any CPU
		{6CF4A754-C39F-4390-8B2D-E13AD8746E1F}.Debug|Any CPU.Build.0 = Debug|Any CPU
		{6CF4A754-C39F-4390-8B2D-E13AD8746E1F}.Debug|ARM.ActiveCfg = Debug|Any CPU
		{6CF4A754-C39F-4390-8B2D-E13AD8746E1F}.Debug|ARM.Build.0 = Debug|Any CPU
		{6CF4A754-C39F-4390-8B2D-E13AD8746E1F}.Debug|iPhone.ActiveCfg = Debug|Any CPU
		{6CF4A754-C39F-4390-8B2D-E13AD8746E1F}.Debug|iPhone.Build.0 = Debug|Any CPU
		{6CF4A754-C39F-4390-8B2D-E13AD8746E1F}.Debug|iPhoneSimulator.ActiveCfg = Debug|Any CPU
		{6CF4A754-C39F-4390-8B2D-E13AD8746E1F}.Debug|iPhoneSimulator.Build.0 = Debug|Any CPU
		{6CF4A754-C39F-4390-8B2D-E13AD8746E1F}.Debug|x64.ActiveCfg = Debug|Any CPU
		{6CF4A754-C39F-4390-8B2D-E13AD8746E1F}.Debug|x64.Build.0 = Debug|Any CPU
		{6CF4A754-C39F-4390-8B2D-E13AD8746E1F}.Debug|x86.ActiveCfg = Debug|Any CPU
		{6CF4A754-C39F-4390-8B2D-E13AD8746E1F}.Debug|x86.Build.0 = Debug|Any CPU
		{6CF4A754-C39F-4390-8B2D-E13AD8746E1F}.Release|Any CPU.ActiveCfg = Release|Any CPU
		{6CF4A754-C39F-4390-8B2D-E13AD8746E1F}.Release|Any CPU.Build.0 = Release|Any CPU
		{6CF4A754-C39F-4390-8B2D-E13AD8746E1F}.Release|ARM.ActiveCfg = Release|Any CPU
		{6CF4A754-C39F-4390-8B2D-E13AD8746E1F}.Release|ARM.Build.0 = Release|Any CPU
		{6CF4A754-C39F-4390-8B2D-E13AD8746E1F}.Release|iPhone.ActiveCfg = Release|Any CPU
		{6CF4A754-C39F-4390-8B2D-E13AD8746E1F}.Release|iPhone.Build.0 = Release|Any CPU
		{6CF4A754-C39F-4390-8B2D-E13AD8746E1F}.Release|iPhoneSimulator.ActiveCfg = Release|Any CPU
		{6CF4A754-C39F-4390-8B2D-E13AD8746E1F}.Release|iPhoneSimulator.Build.0 = Release|Any CPU
		{6CF4A754-C39F-4390-8B2D-E13AD8746E1F}.Release|x64.ActiveCfg = Release|Any CPU
		{6CF4A754-C39F-4390-8B2D-E13AD8746E1F}.Release|x64.Build.0 = Release|Any CPU
		{6CF4A754-C39F-4390-8B2D-E13AD8746E1F}.Release|x86.ActiveCfg = Release|Any CPU
		{6CF4A754-C39F-4390-8B2D-E13AD8746E1F}.Release|x86.Build.0 = Release|Any CPU
		{CF06748F-5E28-43F0-9CA8-4AE1B6439DFA}.Ad-Hoc|Any CPU.ActiveCfg = Release|x64
		{CF06748F-5E28-43F0-9CA8-4AE1B6439DFA}.Ad-Hoc|Any CPU.Build.0 = Release|x64
		{CF06748F-5E28-43F0-9CA8-4AE1B6439DFA}.Ad-Hoc|Any CPU.Deploy.0 = Release|x64
		{CF06748F-5E28-43F0-9CA8-4AE1B6439DFA}.Ad-Hoc|ARM.ActiveCfg = Release|ARM
		{CF06748F-5E28-43F0-9CA8-4AE1B6439DFA}.Ad-Hoc|ARM.Build.0 = Release|ARM
		{CF06748F-5E28-43F0-9CA8-4AE1B6439DFA}.Ad-Hoc|ARM.Deploy.0 = Release|ARM
		{CF06748F-5E28-43F0-9CA8-4AE1B6439DFA}.Ad-Hoc|ARM64.ActiveCfg = Release|ARM64
		{CF06748F-5E28-43F0-9CA8-4AE1B6439DFA}.Ad-Hoc|ARM64.Build.0 = Release|ARM64
		{CF06748F-5E28-43F0-9CA8-4AE1B6439DFA}.Ad-Hoc|ARM64.Deploy.0 = Release|ARM64
		{CF06748F-5E28-43F0-9CA8-4AE1B6439DFA}.Ad-Hoc|iPhone.ActiveCfg = Release|x64
		{CF06748F-5E28-43F0-9CA8-4AE1B6439DFA}.Ad-Hoc|iPhone.Build.0 = Release|x64
		{CF06748F-5E28-43F0-9CA8-4AE1B6439DFA}.Ad-Hoc|iPhone.Deploy.0 = Release|x64
		{CF06748F-5E28-43F0-9CA8-4AE1B6439DFA}.Ad-Hoc|iPhoneSimulator.ActiveCfg = Release|x64
		{CF06748F-5E28-43F0-9CA8-4AE1B6439DFA}.Ad-Hoc|iPhoneSimulator.Build.0 = Release|x64
		{CF06748F-5E28-43F0-9CA8-4AE1B6439DFA}.Ad-Hoc|iPhoneSimulator.Deploy.0 = Release|x64
		{CF06748F-5E28-43F0-9CA8-4AE1B6439DFA}.Ad-Hoc|x64.ActiveCfg = Release|x64
		{CF06748F-5E28-43F0-9CA8-4AE1B6439DFA}.Ad-Hoc|x64.Build.0 = Release|x64
		{CF06748F-5E28-43F0-9CA8-4AE1B6439DFA}.Ad-Hoc|x64.Deploy.0 = Release|x64
		{CF06748F-5E28-43F0-9CA8-4AE1B6439DFA}.Ad-Hoc|x86.ActiveCfg = Release|x86
		{CF06748F-5E28-43F0-9CA8-4AE1B6439DFA}.Ad-Hoc|x86.Build.0 = Release|x86
		{CF06748F-5E28-43F0-9CA8-4AE1B6439DFA}.Ad-Hoc|x86.Deploy.0 = Release|x86
		{CF06748F-5E28-43F0-9CA8-4AE1B6439DFA}.AppStore|Any CPU.ActiveCfg = Release|x64
		{CF06748F-5E28-43F0-9CA8-4AE1B6439DFA}.AppStore|Any CPU.Build.0 = Release|x64
		{CF06748F-5E28-43F0-9CA8-4AE1B6439DFA}.AppStore|Any CPU.Deploy.0 = Release|x64
		{CF06748F-5E28-43F0-9CA8-4AE1B6439DFA}.AppStore|ARM.ActiveCfg = Release|ARM
		{CF06748F-5E28-43F0-9CA8-4AE1B6439DFA}.AppStore|ARM.Build.0 = Release|ARM
		{CF06748F-5E28-43F0-9CA8-4AE1B6439DFA}.AppStore|ARM.Deploy.0 = Release|ARM
		{CF06748F-5E28-43F0-9CA8-4AE1B6439DFA}.AppStore|ARM64.ActiveCfg = Release|ARM64
		{CF06748F-5E28-43F0-9CA8-4AE1B6439DFA}.AppStore|ARM64.Build.0 = Release|ARM64
		{CF06748F-5E28-43F0-9CA8-4AE1B6439DFA}.AppStore|ARM64.Deploy.0 = Release|ARM64
		{CF06748F-5E28-43F0-9CA8-4AE1B6439DFA}.AppStore|iPhone.ActiveCfg = Release|x64
		{CF06748F-5E28-43F0-9CA8-4AE1B6439DFA}.AppStore|iPhone.Build.0 = Release|x64
		{CF06748F-5E28-43F0-9CA8-4AE1B6439DFA}.AppStore|iPhone.Deploy.0 = Release|x64
		{CF06748F-5E28-43F0-9CA8-4AE1B6439DFA}.AppStore|iPhoneSimulator.ActiveCfg = Release|x64
		{CF06748F-5E28-43F0-9CA8-4AE1B6439DFA}.AppStore|iPhoneSimulator.Build.0 = Release|x64
		{CF06748F-5E28-43F0-9CA8-4AE1B6439DFA}.AppStore|iPhoneSimulator.Deploy.0 = Release|x64
		{CF06748F-5E28-43F0-9CA8-4AE1B6439DFA}.AppStore|x64.ActiveCfg = Release|x64
		{CF06748F-5E28-43F0-9CA8-4AE1B6439DFA}.AppStore|x64.Build.0 = Release|x64
		{CF06748F-5E28-43F0-9CA8-4AE1B6439DFA}.AppStore|x64.Deploy.0 = Release|x64
		{CF06748F-5E28-43F0-9CA8-4AE1B6439DFA}.AppStore|x86.ActiveCfg = Release|x86
		{CF06748F-5E28-43F0-9CA8-4AE1B6439DFA}.AppStore|x86.Build.0 = Release|x86
		{CF06748F-5E28-43F0-9CA8-4AE1B6439DFA}.AppStore|x86.Deploy.0 = Release|x86
		{CF06748F-5E28-43F0-9CA8-4AE1B6439DFA}.Debug|Any CPU.ActiveCfg = Debug|x86
		{CF06748F-5E28-43F0-9CA8-4AE1B6439DFA}.Debug|ARM.ActiveCfg = Debug|ARM
		{CF06748F-5E28-43F0-9CA8-4AE1B6439DFA}.Debug|ARM.Build.0 = Debug|ARM
		{CF06748F-5E28-43F0-9CA8-4AE1B6439DFA}.Debug|ARM.Deploy.0 = Debug|ARM
		{CF06748F-5E28-43F0-9CA8-4AE1B6439DFA}.Debug|ARM64.ActiveCfg = Debug|ARM64
		{CF06748F-5E28-43F0-9CA8-4AE1B6439DFA}.Debug|ARM64.Build.0 = Debug|ARM64
		{CF06748F-5E28-43F0-9CA8-4AE1B6439DFA}.Debug|ARM64.Deploy.0 = Debug|ARM64
		{CF06748F-5E28-43F0-9CA8-4AE1B6439DFA}.Debug|iPhone.ActiveCfg = Debug|x86
		{CF06748F-5E28-43F0-9CA8-4AE1B6439DFA}.Debug|iPhoneSimulator.ActiveCfg = Debug|x86
		{CF06748F-5E28-43F0-9CA8-4AE1B6439DFA}.Debug|x64.ActiveCfg = Debug|x64
		{CF06748F-5E28-43F0-9CA8-4AE1B6439DFA}.Debug|x64.Build.0 = Debug|x64
		{CF06748F-5E28-43F0-9CA8-4AE1B6439DFA}.Debug|x64.Deploy.0 = Debug|x64
		{CF06748F-5E28-43F0-9CA8-4AE1B6439DFA}.Debug|x86.ActiveCfg = Debug|x86
		{CF06748F-5E28-43F0-9CA8-4AE1B6439DFA}.Debug|x86.Build.0 = Debug|x86
		{CF06748F-5E28-43F0-9CA8-4AE1B6439DFA}.Debug|x86.Deploy.0 = Debug|x86
		{CF06748F-5E28-43F0-9CA8-4AE1B6439DFA}.Release|Any CPU.ActiveCfg = Release|x86
		{CF06748F-5E28-43F0-9CA8-4AE1B6439DFA}.Release|ARM.ActiveCfg = Release|ARM
		{CF06748F-5E28-43F0-9CA8-4AE1B6439DFA}.Release|ARM.Build.0 = Release|ARM
		{CF06748F-5E28-43F0-9CA8-4AE1B6439DFA}.Release|ARM.Deploy.0 = Release|ARM
		{CF06748F-5E28-43F0-9CA8-4AE1B6439DFA}.Release|ARM64.ActiveCfg = Release|ARM64
		{CF06748F-5E28-43F0-9CA8-4AE1B6439DFA}.Release|ARM64.Build.0 = Release|ARM64
		{CF06748F-5E28-43F0-9CA8-4AE1B6439DFA}.Release|ARM64.Deploy.0 = Release|ARM64
		{CF06748F-5E28-43F0-9CA8-4AE1B6439DFA}.Release|iPhone.ActiveCfg = Release|x86
		{CF06748F-5E28-43F0-9CA8-4AE1B6439DFA}.Release|iPhoneSimulator.ActiveCfg = Release|x86
		{CF06748F-5E28-43F0-9CA8-4AE1B6439DFA}.Release|x64.ActiveCfg = Release|x64
		{CF06748F-5E28-43F0-9CA8-4AE1B6439DFA}.Release|x64.Build.0 = Release|x64
		{CF06748F-5E28-43F0-9CA8-4AE1B6439DFA}.Release|x64.Deploy.0 = Release|x64
		{CF06748F-5E28-43F0-9CA8-4AE1B6439DFA}.Release|x86.ActiveCfg = Release|x86
		{CF06748F-5E28-43F0-9CA8-4AE1B6439DFA}.Release|x86.Build.0 = Release|x86
		{CF06748F-5E28-43F0-9CA8-4AE1B6439DFA}.Release|x86.Deploy.0 = Release|x86
		{F33E52A3-A4D8-4B4B-8398-BFBE566DAD4C}.Ad-Hoc|Any CPU.ActiveCfg = Ad-Hoc|iPhone
		{F33E52A3-A4D8-4B4B-8398-BFBE566DAD4C}.Ad-Hoc|ARM.ActiveCfg = Ad-Hoc|iPhone
		{F33E52A3-A4D8-4B4B-8398-BFBE566DAD4C}.Ad-Hoc|iPhone.ActiveCfg = Ad-Hoc|iPhone
		{F33E52A3-A4D8-4B4B-8398-BFBE566DAD4C}.Ad-Hoc|iPhone.Build.0 = Ad-Hoc|iPhone
		{F33E52A3-A4D8-4B4B-8398-BFBE566DAD4C}.Ad-Hoc|iPhoneSimulator.ActiveCfg = Ad-Hoc|iPhoneSimulator
		{F33E52A3-A4D8-4B4B-8398-BFBE566DAD4C}.Ad-Hoc|iPhoneSimulator.Build.0 = Ad-Hoc|iPhoneSimulator
		{F33E52A3-A4D8-4B4B-8398-BFBE566DAD4C}.Ad-Hoc|x64.ActiveCfg = Ad-Hoc|iPhone
		{F33E52A3-A4D8-4B4B-8398-BFBE566DAD4C}.Ad-Hoc|x86.ActiveCfg = Ad-Hoc|iPhone
		{F33E52A3-A4D8-4B4B-8398-BFBE566DAD4C}.AppStore|Any CPU.ActiveCfg = AppStore|iPhone
		{F33E52A3-A4D8-4B4B-8398-BFBE566DAD4C}.AppStore|ARM.ActiveCfg = AppStore|iPhone
		{F33E52A3-A4D8-4B4B-8398-BFBE566DAD4C}.AppStore|iPhone.ActiveCfg = AppStore|iPhone
		{F33E52A3-A4D8-4B4B-8398-BFBE566DAD4C}.AppStore|iPhone.Build.0 = AppStore|iPhone
		{F33E52A3-A4D8-4B4B-8398-BFBE566DAD4C}.AppStore|iPhoneSimulator.ActiveCfg = AppStore|iPhoneSimulator
		{F33E52A3-A4D8-4B4B-8398-BFBE566DAD4C}.AppStore|iPhoneSimulator.Build.0 = AppStore|iPhoneSimulator
		{F33E52A3-A4D8-4B4B-8398-BFBE566DAD4C}.AppStore|x64.ActiveCfg = AppStore|iPhone
		{F33E52A3-A4D8-4B4B-8398-BFBE566DAD4C}.AppStore|x86.ActiveCfg = AppStore|iPhone
		{F33E52A3-A4D8-4B4B-8398-BFBE566DAD4C}.Debug|Any CPU.ActiveCfg = Debug|iPhone
		{F33E52A3-A4D8-4B4B-8398-BFBE566DAD4C}.Debug|ARM.ActiveCfg = Debug|iPhone
		{F33E52A3-A4D8-4B4B-8398-BFBE566DAD4C}.Debug|iPhone.ActiveCfg = Debug|iPhone
		{F33E52A3-A4D8-4B4B-8398-BFBE566DAD4C}.Debug|iPhone.Build.0 = Debug|iPhone
		{F33E52A3-A4D8-4B4B-8398-BFBE566DAD4C}.Debug|iPhoneSimulator.ActiveCfg = Debug|iPhoneSimulator
		{F33E52A3-A4D8-4B4B-8398-BFBE566DAD4C}.Debug|iPhoneSimulator.Build.0 = Debug|iPhoneSimulator
		{F33E52A3-A4D8-4B4B-8398-BFBE566DAD4C}.Debug|x64.ActiveCfg = Debug|iPhone
		{F33E52A3-A4D8-4B4B-8398-BFBE566DAD4C}.Debug|x86.ActiveCfg = Debug|iPhone
		{F33E52A3-A4D8-4B4B-8398-BFBE566DAD4C}.Release|Any CPU.ActiveCfg = Release|iPhone
		{F33E52A3-A4D8-4B4B-8398-BFBE566DAD4C}.Release|ARM.ActiveCfg = Release|iPhone
		{F33E52A3-A4D8-4B4B-8398-BFBE566DAD4C}.Release|iPhone.ActiveCfg = Release|iPhone
		{F33E52A3-A4D8-4B4B-8398-BFBE566DAD4C}.Release|iPhone.Build.0 = Release|iPhone
		{F33E52A3-A4D8-4B4B-8398-BFBE566DAD4C}.Release|iPhoneSimulator.ActiveCfg = Release|iPhoneSimulator
		{F33E52A3-A4D8-4B4B-8398-BFBE566DAD4C}.Release|iPhoneSimulator.Build.0 = Release|iPhoneSimulator
		{F33E52A3-A4D8-4B4B-8398-BFBE566DAD4C}.Release|x64.ActiveCfg = Release|iPhone
		{F33E52A3-A4D8-4B4B-8398-BFBE566DAD4C}.Release|x86.ActiveCfg = Release|iPhone
	EndGlobalSection
	GlobalSection(SolutionProperties) = preSolution
		HideSolutionNode = FALSE
	EndGlobalSection
	GlobalSection(ExtensibilityGlobals) = postSolution
		SolutionGuid = {F6D05029-56B8-4E45-AF2D-0E76295DDBA2}
	EndGlobalSection
EndGlobal
